
Microsoft Visual Studio Solution File, Format Version 12.00
# Visual Studio Version 16
VisualStudioVersion = 16.0.29613.14
MinimumVisualStudioVersion = 10.0.40219.1
Project("{8BC9CEB8-8B4A-11D0-8D11-00A0C91BC942}") = "QuarantineProject", "QuarantineProject\QuarantineProject.vcxproj", "{5035B0AA-993A-41E7-95CF-C0F0FB855CBD}"
EndProject
Global
	GlobalSection(SolutionConfigurationPlatforms) = preSolution
		Debug|x64 = Debug|x64
		Debug|x86 = Debug|x86
		Release|x64 = Release|x64
		Release|x86 = Release|x86
	EndGlobalSection
	GlobalSection(ProjectConfigurationPlatforms) = postSolution
		{5035B0AA-993A-41E7-95CF-C0F0FB855CBD}.Debug|x64.ActiveCfg = Debug|x64
		{5035B0AA-993A-41E7-95CF-C0F0FB855CBD}.Debug|x64.Build.0 = Debug|x64
		{5035B0AA-993A-41E7-95CF-C0F0FB855CBD}.Debug|x86.ActiveCfg = Debug|Win32
		{5035B0AA-993A-41E7-95CF-C0F0FB855CBD}.Debug|x86.Build.0 = Debug|Win32
		{5035B0AA-993A-41E7-95CF-C0F0FB855CBD}.Release|x64.ActiveCfg = Release|x64
		{5035B0AA-993A-41E7-95CF-C0F0FB855CBD}.Release|x64.Build.0 = Release|x64
		{5035B0AA-993A-41E7-95CF-C0F0FB855CBD}.Release|x86.ActiveCfg = Release|Win32
		{5035B0AA-993A-41E7-95CF-C0F0FB855CBD}.Release|x86.Build.0 = Release|Win32
	EndGlobalSection
	GlobalSection(SolutionProperties) = preSolution
		HideSolutionNode = FALSE
	EndGlobalSection
	GlobalSection(ExtensibilityGlobals) = postSolution
		SolutionGuid = {2F7069F3-5A3A-4249-A714-F9A8FC1792BA}
	EndGlobalSection
EndGlobal
